
Microsoft Visual Studio Solution File, Format Version 12.00
# Visual Studio Version 16
VisualStudioVersion = 16.0.34407.143
MinimumVisualStudioVersion = 10.0.40219.1
Project("{FAE04EC0-301F-11D3-BF4B-00C04F79EFBC}") = "tema18prkt5", "tema18prkt5.csproj", "{9101CAC1-42E0-4BD3-B76E-D659F4D56169}"
EndProject
Global
	GlobalSection(SolutionConfigurationPlatforms) = preSolution
		Debug|Any CPU = Debug|Any CPU
		Release|Any CPU = Release|Any CPU
	EndGlobalSection
	GlobalSection(ProjectConfigurationPlatforms) = postSolution
		{9101CAC1-42E0-4BD3-B76E-D659F4D56169}.Debug|Any CPU.ActiveCfg = Debug|Any CPU
		{9101CAC1-42E0-4BD3-B76E-D659F4D56169}.Debug|Any CPU.Build.0 = Debug|Any CPU
		{9101CAC1-42E0-4BD3-B76E-D659F4D56169}.Release|Any CPU.ActiveCfg = Release|Any CPU
		{9101CAC1-42E0-4BD3-B76E-D659F4D56169}.Release|Any CPU.Build.0 = Release|Any CPU
	EndGlobalSection
	GlobalSection(SolutionProperties) = preSolution
		HideSolutionNode = FALSE
	EndGlobalSection
	GlobalSection(ExtensibilityGlobals) = postSolution
		SolutionGuid = {372CED6B-D970-4CBE-9481-409DAA1F6F1B}
	EndGlobalSection
EndGlobal
