
Microsoft Visual Studio Solution File, Format Version 12.00
# Visual Studio Version 16
VisualStudioVersion = 16.0.34407.143
MinimumVisualStudioVersion = 10.0.40219.1
Project("{FAE04EC0-301F-11D3-BF4B-00C04F79EFBC}") = "tema19prkt4(1)", "tema19prkt4(1).csproj", "{C2652185-2B7D-4A88-B42A-0CB505CFB8DD}"
EndProject
Global
	GlobalSection(SolutionConfigurationPlatforms) = preSolution
		Debug|Any CPU = Debug|Any CPU
		Release|Any CPU = Release|Any CPU
	EndGlobalSection
	GlobalSection(ProjectConfigurationPlatforms) = postSolution
		{C2652185-2B7D-4A88-B42A-0CB505CFB8DD}.Debug|Any CPU.ActiveCfg = Debug|Any CPU
		{C2652185-2B7D-4A88-B42A-0CB505CFB8DD}.Debug|Any CPU.Build.0 = Debug|Any CPU
		{C2652185-2B7D-4A88-B42A-0CB505CFB8DD}.Release|Any CPU.ActiveCfg = Release|Any CPU
		{C2652185-2B7D-4A88-B42A-0CB505CFB8DD}.Release|Any CPU.Build.0 = Release|Any CPU
	EndGlobalSection
	GlobalSection(SolutionProperties) = preSolution
		HideSolutionNode = FALSE
	EndGlobalSection
	GlobalSection(ExtensibilityGlobals) = postSolution
		SolutionGuid = {550DFFDB-81A0-4A46-B86E-9B648DDA52FB}
	EndGlobalSection
EndGlobal
