
Microsoft Visual Studio Solution File, Format Version 12.00
# Visual Studio Version 16
VisualStudioVersion = 16.0.33920.266
MinimumVisualStudioVersion = 10.0.40219.1
Project("{FAE04EC0-301F-11D3-BF4B-00C04F79EFBC}") = "03.06abstr", "03.06abstr.csproj", "{E57D7455-6671-4038-A3BB-F7BE4D96725C}"
EndProject
Global
	GlobalSection(SolutionConfigurationPlatforms) = preSolution
		Debug|Any CPU = Debug|Any CPU
		Release|Any CPU = Release|Any CPU
	EndGlobalSection
	GlobalSection(ProjectConfigurationPlatforms) = postSolution
		{E57D7455-6671-4038-A3BB-F7BE4D96725C}.Debug|Any CPU.ActiveCfg = Debug|Any CPU
		{E57D7455-6671-4038-A3BB-F7BE4D96725C}.Debug|Any CPU.Build.0 = Debug|Any CPU
		{E57D7455-6671-4038-A3BB-F7BE4D96725C}.Release|Any CPU.ActiveCfg = Release|Any CPU
		{E57D7455-6671-4038-A3BB-F7BE4D96725C}.Release|Any CPU.Build.0 = Release|Any CPU
	EndGlobalSection
	GlobalSection(SolutionProperties) = preSolution
		HideSolutionNode = FALSE
	EndGlobalSection
	GlobalSection(ExtensibilityGlobals) = postSolution
		SolutionGuid = {50677F7F-2BAF-45CA-A0A8-AE7B62E91BBA}
	EndGlobalSection
EndGlobal
